{
    "_readme": [
        "This file locks the dependencies of your project to a known state",
        "Read more about it at https://getcomposer.org/doc/01-basic-usage.md#composer-lock-the-lock-file",
        "This file is @generated automatically"
    ],
    "content-hash": "5fa180da0cbc43123f255063b0625456",
    "packages": [
        {
            "name": "kargin/bracketeer",
            "version": "dev-master",
            "source": {
                "type": "git",
                "url": "https://github.com/Kargin/bracketeer.git",
                "reference": "0443250b47fb541f0a31eb5dfeeee6649ce15603"
            },
            "dist": {
                "type": "zip",
                "url": "https://api.github.com/repos/Kargin/bracketeer/zipball/0443250b47fb541f0a31eb5dfeeee6649ce15603",
                "reference": "0443250b47fb541f0a31eb5dfeeee6649ce15603",
                "shasum": ""
            },
            "require": {
                "php": ">=5.4.0"
            },
            "type": "library",
            "autoload": {
                "psr-4": {
                    "Kargin\\": "src"
                }
            },
            "notification-url": "https://packagist.org/downloads/",
            "license": [
                "MIT"
            ],
            "authors": [
                {
                    "name": "Kargin Anton",
                    "email": "rmbd91@mail.ru"
                }
            ],
            "description": "returns true if input string with \"(\", \"\\r\", \"\\t\", \"\\n\", \" \", \")\", contains equal number of \"(\" and \")\" symbols",
            "time": "2018-01-04T09:48:28+00:00"
        }
    ],
    "packages-dev": [],
    "aliases": [],
    "minimum-stability": "stable",
    "stability-flags": {
        "kargin/bracketeer": 20
    },
    "prefer-stable": false,
    "prefer-lowest": false,
    "platform": [],
    "platform-dev": []
}
